
Microsoft Visual Studio Solution File, Format Version 12.00
Project("{FAE04EC0-301F-11D3-BF4B-00C04F79EFBC}") = "Tenuto", "src\Tenuto\Tenuto.csproj", "{7AE2AAB9-710F-4BCF-81B6-A624EC6AC3B5}"
EndProject
Project("{FAE04EC0-301F-11D3-BF4B-00C04F79EFBC}") = "relaxngDatatype", "src\relaxngDatatype\relaxngDatatype.csproj", "{6AFC9B52-AF10-4C09-9A7C-010EAFF16493}"
EndProject
Global
	GlobalSection(SolutionConfigurationPlatforms) = preSolution
		Debug|Any CPU = Debug|Any CPU
		Release|Any CPU = Release|Any CPU
	EndGlobalSection
	GlobalSection(ProjectConfigurationPlatforms) = postSolution
		{7AE2AAB9-710F-4BCF-81B6-A624EC6AC3B5}.Debug|Any CPU.ActiveCfg = Debug|Any CPU
		{7AE2AAB9-710F-4BCF-81B6-A624EC6AC3B5}.Debug|Any CPU.Build.0 = Debug|Any CPU
		{7AE2AAB9-710F-4BCF-81B6-A624EC6AC3B5}.Release|Any CPU.ActiveCfg = Release|Any CPU
		{7AE2AAB9-710F-4BCF-81B6-A624EC6AC3B5}.Release|Any CPU.Build.0 = Release|Any CPU
		{6AFC9B52-AF10-4C09-9A7C-010EAFF16493}.Debug|Any CPU.ActiveCfg = Debug|Any CPU
		{6AFC9B52-AF10-4C09-9A7C-010EAFF16493}.Debug|Any CPU.Build.0 = Debug|Any CPU
		{6AFC9B52-AF10-4C09-9A7C-010EAFF16493}.Release|Any CPU.ActiveCfg = Release|Any CPU
		{6AFC9B52-AF10-4C09-9A7C-010EAFF16493}.Release|Any CPU.Build.0 = Release|Any CPU
	EndGlobalSection
EndGlobal
